// !$*UTF8*$!
{
	archiveVersion = 1;
	classes = {
	};
	objectVersion = 56;
	objects = {

/* Begin PBXBuildFile section */
		1AFAE9382A40A99500D45C0B /* FetchRewardsSwiftUIApp.swift in Sources */ = {isa = PBXBuildFile; fileRef = 1AFAE9372A40A99500D45C0B /* FetchRewardsSwiftUIApp.swift */; };
		1AFAE93A2A40A99500D45C0B /* ContentView.swift in Sources */ = {isa = PBXBuildFile; fileRef = 1AFAE9392A40A99500D45C0B /* ContentView.swift */; };
		1AFAE93C2A40A99600D45C0B /* Assets.xcassets in Resources */ = {isa = PBXBuildFile; fileRef = 1AFAE93B2A40A99600D45C0B /* Assets.xcassets */; };
		1AFAE93F2A40A99600D45C0B /* Preview Assets.xcassets in Resources */ = {isa = PBXBuildFile; fileRef = 1AFAE93E2A40A99600D45C0B /* Preview Assets.xcassets */; };
		1AFAE9492A40A99600D45C0B /* FetchRewardsSwiftUITests.swift in Sources */ = {isa = PBXBuildFile; fileRef = 1AFAE9482A40A99600D45C0B /* FetchRewardsSwiftUITests.swift */; };
		1AFAE9532A40A99600D45C0B /* FetchRewardsSwiftUIUITests.swift in Sources */ = {isa = PBXBuildFile; fileRef = 1AFAE9522A40A99600D45C0B /* FetchRewardsSwiftUIUITests.swift */; };
		1AFAE9552A40A99600D45C0B /* FetchRewardsSwiftUIUITestsLaunchTests.swift in Sources */ = {isa = PBXBuildFile; fileRef = 1AFAE9542A40A99600D45C0B /* FetchRewardsSwiftUIUITestsLaunchTests.swift */; };
/* End PBXBuildFile section */

/* Begin PBXContainerItemProxy section */
		1AFAE9452A40A99600D45C0B /* PBXContainerItemProxy */ = {
			isa = PBXContainerItemProxy;
			containerPortal = 1AFAE92C2A40A99500D45C0B /* Project object */;
			proxyType = 1;
			remoteGlobalIDString = 1AFAE9332A40A99500D45C0B;
			remoteInfo = FetchRewardsSwiftUI;
		};
		1AFAE94F2A40A99600D45C0B /* PBXContainerItemProxy */ = {
			isa = PBXContainerItemProxy;
			containerPortal = 1AFAE92C2A40A99500D45C0B /* Project object */;
			proxyType = 1;
			remoteGlobalIDString = 1AFAE9332A40A99500D45C0B;
			remoteInfo = FetchRewardsSwiftUI;
		};
/* End PBXContainerItemProxy section */

/* Begin PBXFileReference section */
		1AFAE9342A40A99500D45C0B /* FetchRewardsSwiftUI.app */ = {isa = PBXFileReference; explicitFileType = wrapper.application; includeInIndex = 0; path = FetchRewardsSwiftUI.app; sourceTree = BUILT_PRODUCTS_DIR; };
		1AFAE9372A40A99500D45C0B /* FetchRewardsSwiftUIApp.swift */ = {isa = PBXFileReference; lastKnownFileType = sourcecode.swift; path = FetchRewardsSwiftUIApp.swift; sourceTree = "<group>"; };
		1AFAE9392A40A99500D45C0B /* ContentView.swift */ = {isa = PBXFileReference; lastKnownFileType = sourcecode.swift; path = ContentView.swift; sourceTree = "<group>"; };
		1AFAE93B2A40A99600D45C0B /* Assets.xcassets */ = {isa = PBXFileReference; lastKnownFileType = folder.assetcatalog; path = Assets.xcassets; sourceTree = "<group>"; };
		1AFAE93E2A40A99600D45C0B /* Preview Assets.xcassets */ = {isa = PBXFileReference; lastKnownFileType = folder.assetcatalog; path = "Preview Assets.xcassets"; sourceTree = "<group>"; };
		1AFAE9442A40A99600D45C0B /* FetchRewardsSwiftUITests.xctest */ = {isa = PBXFileReference; explicitFileType = wrapper.cfbundle; includeInIndex = 0; path = FetchRewardsSwiftUITests.xctest; sourceTree = BUILT_PRODUCTS_DIR; };
		1AFAE9482A40A99600D45C0B /* FetchRewardsSwiftUITests.swift */ = {isa = PBXFileReference; lastKnownFileType = sourcecode.swift; path = FetchRewardsSwiftUITests.swift; sourceTree = "<group>"; };
		1AFAE94E2A40A99600D45C0B /* FetchRewardsSwiftUIUITests.xctest */ = {isa = PBXFileReference; explicitFileType = wrapper.cfbundle; includeInIndex = 0; path = FetchRewardsSwiftUIUITests.xctest; sourceTree = BUILT_PRODUCTS_DIR; };
		1AFAE9522A40A99600D45C0B /* FetchRewardsSwiftUIUITests.swift */ = {isa = PBXFileReference; lastKnownFileType = sourcecode.swift; path = FetchRewardsSwiftUIUITests.swift; sourceTree = "<group>"; };
		1AFAE9542A40A99600D45C0B /* FetchRewardsSwiftUIUITestsLaunchTests.swift */ = {isa = PBXFileReference; lastKnownFileType = sourcecode.swift; path = FetchRewardsSwiftUIUITestsLaunchTests.swift; sourceTree = "<group>"; };
/* End PBXFileReference section */

/* Begin PBXFrameworksBuildPhase section */
		1AFAE9312A40A99500D45C0B /* Frameworks */ = {
			isa = PBXFrameworksBuildPhase;
			buildActionMask = 2147483647;
			files = (
			);
			runOnlyForDeploymentPostprocessing = 0;
		};
		1AFAE9412A40A99600D45C0B /* Frameworks */ = {
			isa = PBXFrameworksBuildPhase;
			buildActionMask = 2147483647;
			files = (
			);
			runOnlyForDeploymentPostprocessing = 0;
		};
		1AFAE94B2A40A99600D45C0B /* Frameworks */ = {
			isa = PBXFrameworksBuildPhase;
			buildActionMask = 2147483647;
			files = (
			);
			runOnlyForDeploymentPostprocessing = 0;
		};
/* End PBXFrameworksBuildPhase section */

/* Begin PBXGroup section */
		1AFAE92B2A40A99500D45C0B = {
			isa = PBXGroup;
			children = (
				1AFAE9362A40A99500D45C0B /* FetchRewardsSwiftUI */,
				1AFAE9472A40A99600D45C0B /* FetchRewardsSwiftUITests */,
				1AFAE9512A40A99600D45C0B /* FetchRewardsSwiftUIUITests */,
				1AFAE9352A40A99500D45C0B /* Products */,
			);
			sourceTree = "<group>";
		};
		1AFAE9352A40A99500D45C0B /* Products */ = {
			isa = PBXGroup;
			children = (
				1AFAE9342A40A99500D45C0B /* FetchRewardsSwiftUI.app */,
				1AFAE9442A40A99600D45C0B /* FetchRewardsSwiftUITests.xctest */,
				1AFAE94E2A40A99600D45C0B /* FetchRewardsSwiftUIUITests.xctest */,
			);
			name = Products;
			sourceTree = "<group>";
		};
		1AFAE9362A40A99500D45C0B /* FetchRewardsSwiftUI */ = {
			isa = PBXGroup;
			children = (
				1AFAE9372A40A99500D45C0B /* FetchRewardsSwiftUIApp.swift */,
				1AFAE9392A40A99500D45C0B /* ContentView.swift */,
				1AFAE93B2A40A99600D45C0B /* Assets.xcassets */,
				1AFAE93D2A40A99600D45C0B /* Preview Content */,
			);
			path = FetchRewardsSwiftUI;
			sourceTree = "<group>";
		};
		1AFAE93D2A40A99600D45C0B /* Preview Content */ = {
			isa = PBXGroup;
			children = (
				1AFAE93E2A40A99600D45C0B /* Preview Assets.xcassets */,
			);
			path = "Preview Content";
			sourceTree = "<group>";
		};
		1AFAE9472A40A99600D45C0B /* FetchRewardsSwiftUITests */ = {
			isa = PBXGroup;
			children = (
				1AFAE9482A40A99600D45C0B /* FetchRewardsSwiftUITests.swift */,
			);
			path = FetchRewardsSwiftUITests;
			sourceTree = "<group>";
		};
		1AFAE9512A40A99600D45C0B /* FetchRewardsSwiftUIUITests */ = {
			isa = PBXGroup;
			children = (
				1AFAE9522A40A99600D45C0B /* FetchRewardsSwiftUIUITests.swift */,
				1AFAE9542A40A99600D45C0B /* FetchRewardsSwiftUIUITestsLaunchTests.swift */,
			);
			path = FetchRewardsSwiftUIUITests;
			sourceTree = "<group>";
		};
/* End PBXGroup section */

/* Begin PBXNativeTarget section */
		1AFAE9332A40A99500D45C0B /* FetchRewardsSwiftUI */ = {
			isa = PBXNativeTarget;
			buildConfigurationList = 1AFAE9582A40A99600D45C0B /* Build configuration list for PBXNativeTarget "FetchRewardsSwiftUI" */;
			buildPhases = (
				1AFAE9302A40A99500D45C0B /* Sources */,
				1AFAE9312A40A99500D45C0B /* Frameworks */,
				1AFAE9322A40A99500D45C0B /* Resources */,
			);
			buildRules = (
			);
			dependencies = (
			);
			name = FetchRewardsSwiftUI;
			productName = FetchRewardsSwiftUI;
			productReference = 1AFAE9342A40A99500D45C0B /* FetchRewardsSwiftUI.app */;
			productType = "com.apple.product-type.application";
		};
		1AFAE9432A40A99600D45C0B /* FetchRewardsSwiftUITests */ = {
			isa = PBXNativeTarget;
			buildConfigurationList = 1AFAE95B2A40A99600D45C0B /* Build configuration list for PBXNativeTarget "FetchRewardsSwiftUITests" */;
			buildPhases = (
				1AFAE9402A40A99600D45C0B /* Sources */,
				1AFAE9412A40A99600D45C0B /* Frameworks */,
				1AFAE9422A40A99600D45C0B /* Resources */,
			);
			buildRules = (
			);
			dependencies = (
				1AFAE9462A40A99600D45C0B /* PBXTargetDependency */,
			);
			name = FetchRewardsSwiftUITests;
			productName = FetchRewardsSwiftUITests;
			productReference = 1AFAE9442A40A99600D45C0B /* FetchRewardsSwiftUITests.xctest */;
			productType = "com.apple.product-type.bundle.unit-test";
		};
		1AFAE94D2A40A99600D45C0B /* FetchRewardsSwiftUIUITests */ = {
			isa = PBXNativeTarget;
			buildConfigurationList = 1AFAE95E2A40A99600D45C0B /* Build configuration list for PBXNativeTarget "FetchRewardsSwiftUIUITests" */;
			buildPhases = (
				1AFAE94A2A40A99600D45C0B /* Sources */,
				1AFAE94B2A40A99600D45C0B /* Frameworks */,
				1AFAE94C2A40A99600D45C0B /* Resources */,
			);
			buildRules = (
			);
			dependencies = (
				1AFAE9502A40A99600D45C0B /* PBXTargetDependency */,
			);
			name = FetchRewardsSwiftUIUITests;
			productName = FetchRewardsSwiftUIUITests;
			productReference = 1AFAE94E2A40A99600D45C0B /* FetchRewardsSwiftUIUITests.xctest */;
			productType = "com.apple.product-type.bundle.ui-testing";
		};
/* End PBXNativeTarget section */

/* Begin PBXProject section */
		1AFAE92C2A40A99500D45C0B /* Project object */ = {
			isa = PBXProject;
			attributes = {
				BuildIndependentTargetsInParallel = 1;
				LastSwiftUpdateCheck = 1410;
				LastUpgradeCheck = 1410;
				TargetAttributes = {
					1AFAE9332A40A99500D45C0B = {
						CreatedOnToolsVersion = 14.1;
					};
					1AFAE9432A40A99600D45C0B = {
						CreatedOnToolsVersion = 14.1;
						TestTargetID = 1AFAE9332A40A99500D45C0B;
					};
					1AFAE94D2A40A99600D45C0B = {
						CreatedOnToolsVersion = 14.1;
						TestTargetID = 1AFAE9332A40A99500D45C0B;
					};
				};
			};
			buildConfigurationList = 1AFAE92F2A40A99500D45C0B /* Build configuration list for PBXProject "FetchRewardsSwiftUI" */;
			compatibilityVersion = "Xcode 14.0";
			developmentRegion = en;
			hasScannedForEncodings = 0;
			knownRegions = (
				en,
				Base,
			);
			mainGroup = 1AFAE92B2A40A99500D45C0B;
			productRefGroup = 1AFAE9352A40A99500D45C0B /* Products */;
			projectDirPath = "";
			projectRoot = "";
			targets = (
				1AFAE9332A40A99500D45C0B /* FetchRewardsSwiftUI */,
				1AFAE9432A40A99600D45C0B /* FetchRewardsSwiftUITests */,
				1AFAE94D2A40A99600D45C0B /* FetchRewardsSwiftUIUITests */,
			);
		};
/* End PBXProject section */

/* Begin PBXResourcesBuildPhase section */
		1AFAE9322A40A99500D45C0B /* Resources */ = {
			isa = PBXResourcesBuildPhase;
			buildActionMask = 2147483647;
			files = (
				1AFAE93F2A40A99600D45C0B /* Preview Assets.xcassets in Resources */,
				1AFAE93C2A40A99600D45C0B /* Assets.xcassets in Resources */,
			);
			runOnlyForDeploymentPostprocessing = 0;
		};
		1AFAE9422A40A99600D45C0B /* Resources */ = {
			isa = PBXResourcesBuildPhase;
			buildActionMask = 2147483647;
			files = (
			);
			runOnlyForDeploymentPostprocessing = 0;
		};
		1AFAE94C2A40A99600D45C0B /* Resources */ = {
			isa = PBXResourcesBuildPhase;
			buildActionMask = 2147483647;
			files = (
			);
			runOnlyForDeploymentPostprocessing = 0;
		};
/* End PBXResourcesBuildPhase section */

/* Begin PBXSourcesBuildPhase section */
		1AFAE9302A40A99500D45C0B /* Sources */ = {
			isa = PBXSourcesBuildPhase;
			buildActionMask = 2147483647;
			files = (
				1AFAE93A2A40A99500D45C0B /* ContentView.swift in Sources */,
				1AFAE9382A40A99500D45C0B /* FetchRewardsSwiftUIApp.swift in Sources */,
			);
			runOnlyForDeploymentPostprocessing = 0;
		};
		1AFAE9402A40A99600D45C0B /* Sources */ = {
			isa = PBXSourcesBuildPhase;
			buildActionMask = 2147483647;
			files = (
				1AFAE9492A40A99600D45C0B /* FetchRewardsSwiftUITests.swift in Sources */,
			);
			runOnlyForDeploymentPostprocessing = 0;
		};
		1AFAE94A2A40A99600D45C0B /* Sources */ = {
			isa = PBXSourcesBuildPhase;
			buildActionMask = 2147483647;
			files = (
				1AFAE9552A40A99600D45C0B /* FetchRewardsSwiftUIUITestsLaunchTests.swift in Sources */,
				1AFAE9532A40A99600D45C0B /* FetchRewardsSwiftUIUITests.swift in Sources */,
			);
			runOnlyForDeploymentPostprocessing = 0;
		};
/* End PBXSourcesBuildPhase section */

/* Begin PBXTargetDependency section */
		1AFAE9462A40A99600D45C0B /* PBXTargetDependency */ = {
			isa = PBXTargetDependency;
			target = 1AFAE9332A40A99500D45C0B /* FetchRewardsSwiftUI */;
			targetProxy = 1AFAE9452A40A99600D45C0B /* PBXContainerItemProxy */;
		};
		1AFAE9502A40A99600D45C0B /* PBXTargetDependency */ = {
			isa = PBXTargetDependency;
			target = 1AFAE9332A40A99500D45C0B /* FetchRewardsSwiftUI */;
			targetProxy = 1AFAE94F2A40A99600D45C0B /* PBXContainerItemProxy */;
		};
/* End PBXTargetDependency section */

/* Begin XCBuildConfiguration section */
		1AFAE9562A40A99600D45C0B /* Debug */ = {
			isa = XCBuildConfiguration;
			buildSettings = {
				ALWAYS_SEARCH_USER_PATHS = NO;
				CLANG_ANALYZER_NONNULL = YES;
				CLANG_ANALYZER_NUMBER_OBJECT_CONVERSION = YES_AGGRESSIVE;
				CLANG_CXX_LANGUAGE_STANDARD = "gnu++20";
				CLANG_ENABLE_MODULES = YES;
				CLANG_ENABLE_OBJC_ARC = YES;
				CLANG_ENABLE_OBJC_WEAK = YES;
				CLANG_WARN_BLOCK_CAPTURE_AUTORELEASING = YES;
				CLANG_WARN_BOOL_CONVERSION = YES;
				CLANG_WARN_COMMA = YES;
				CLANG_WARN_CONSTANT_CONVERSION = YES;
				CLANG_WARN_DEPRECATED_OBJC_IMPLEMENTATIONS = YES;
				CLANG_WARN_DIRECT_OBJC_ISA_USAGE = YES_ERROR;
				CLANG_WARN_DOCUMENTATION_COMMENTS = YES;
				CLANG_WARN_EMPTY_BODY = YES;
				CLANG_WARN_ENUM_CONVERSION = YES;
				CLANG_WARN_INFINITE_RECURSION = YES;
				CLANG_WARN_INT_CONVERSION = YES;
				CLANG_WARN_NON_LITERAL_NULL_CONVERSION = YES;
				CLANG_WARN_OBJC_IMPLICIT_RETAIN_SELF = YES;
				CLANG_WARN_OBJC_LITERAL_CONVERSION = YES;
				CLANG_WARN_OBJC_ROOT_CLASS = YES_ERROR;
				CLANG_WARN_QUOTED_INCLUDE_IN_FRAMEWORK_HEADER = YES;
				CLANG_WARN_RANGE_LOOP_ANALYSIS = YES;
				CLANG_WARN_STRICT_PROTOTYPES = YES;
				CLANG_WARN_SUSPICIOUS_MOVE = YES;
				CLANG_WARN_UNGUARDED_AVAILABILITY = YES_AGGRESSIVE;
				CLANG_WARN_UNREACHABLE_CODE = YES;
				CLANG_WARN__DUPLICATE_METHOD_MATCH = YES;
				COPY_PHASE_STRIP = NO;
				DEBUG_INFORMATION_FORMAT = dwarf;
				ENABLE_STRICT_OBJC_MSGSEND = YES;
				ENABLE_TESTABILITY = YES;
				GCC_C_LANGUAGE_STANDARD = gnu11;
				GCC_DYNAMIC_NO_PIC = NO;
				GCC_NO_COMMON_BLOCKS = YES;
				GCC_OPTIMIZATION_LEVEL = 0;
				GCC_PREPROCESSOR_DEFINITIONS = (
					"DEBUG=1",
					"$(inherited)",
				);
				GCC_WARN_64_TO_32_BIT_CONVERSION = YES;
				GCC_WARN_ABOUT_RETURN_TYPE = YES_ERROR;
				GCC_WARN_UNDECLARED_SELECTOR = YES;
				GCC_WARN_UNINITIALIZED_AUTOS = YES_AGGRESSIVE;
				GCC_WARN_UNUSED_FUNCTION = YES;
				GCC_WARN_UNUSED_VARIABLE = YES;
				IPHONEOS_DEPLOYMENT_TARGET = 16.1;
				MTL_ENABLE_DEBUG_INFO = INCLUDE_SOURCE;
				MTL_FAST_MATH = YES;
				ONLY_ACTIVE_ARCH = YES;
				SDKROOT = iphoneos;
				SWIFT_ACTIVE_COMPILATION_CONDITIONS = DEBUG;
				SWIFT_OPTIMIZATION_LEVEL = "-Onone";
			};
			name = Debug;
		};
		1AFAE9572A40A99600D45C0B /* Release */ = {
			isa = XCBuildConfiguration;
			buildSettings = {
				ALWAYS_SEARCH_USER_PATHS = NO;
				CLANG_ANALYZER_NONNULL = YES;
				CLANG_ANALYZER_NUMBER_OBJECT_CONVERSION = YES_AGGRESSIVE;
				CLANG_CXX_LANGUAGE_STANDARD = "gnu++20";
				CLANG_ENABLE_MODULES = YES;
				CLANG_ENABLE_OBJC_ARC = YES;
				CLANG_ENABLE_OBJC_WEAK = YES;
				CLANG_WARN_BLOCK_CAPTURE_AUTORELEASING = YES;
				CLANG_WARN_BOOL_CONVERSION = YES;
				CLANG_WARN_COMMA = YES;
				CLANG_WARN_CONSTANT_CONVERSION = YES;
				CLANG_WARN_DEPRECATED_OBJC_IMPLEMENTATIONS = YES;
				CLANG_WARN_DIRECT_OBJC_ISA_USAGE = YES_ERROR;
				CLANG_WARN_DOCUMENTATION_COMMENTS = YES;
				CLANG_WARN_EMPTY_BODY = YES;
				CLANG_WARN_ENUM_CONVERSION = YES;
				CLANG_WARN_INFINITE_RECURSION = YES;
				CLANG_WARN_INT_CONVERSION = YES;
				CLANG_WARN_NON_LITERAL_NULL_CONVERSION = YES;
				CLANG_WARN_OBJC_IMPLICIT_RETAIN_SELF = YES;
				CLANG_WARN_OBJC_LITERAL_CONVERSION = YES;
				CLANG_WARN_OBJC_ROOT_CLASS = YES_ERROR;
				CLANG_WARN_QUOTED_INCLUDE_IN_FRAMEWORK_HEADER = YES;
				CLANG_WARN_RANGE_LOOP_ANALYSIS = YES;
				CLANG_WARN_STRICT_PROTOTYPES = YES;
				CLANG_WARN_SUSPICIOUS_MOVE = YES;
				CLANG_WARN_UNGUARDED_AVAILABILITY = YES_AGGRESSIVE;
				CLANG_WARN_UNREACHABLE_CODE = YES;
				CLANG_WARN__DUPLICATE_METHOD_MATCH = YES;
				COPY_PHASE_STRIP = NO;
				DEBUG_INFORMATION_FORMAT = "dwarf-with-dsym";
				ENABLE_NS_ASSERTIONS = NO;
				ENABLE_STRICT_OBJC_MSGSEND = YES;
				GCC_C_LANGUAGE_STANDARD = gnu11;
				GCC_NO_COMMON_BLOCKS = YES;
				GCC_WARN_64_TO_32_BIT_CONVERSION = YES;
				GCC_WARN_ABOUT_RETURN_TYPE = YES_ERROR;
				GCC_WARN_UNDECLARED_SELECTOR = YES;
				GCC_WARN_UNINITIALIZED_AUTOS = YES_AGGRESSIVE;
				GCC_WARN_UNUSED_FUNCTION = YES;
				GCC_WARN_UNUSED_VARIABLE = YES;
				IPHONEOS_DEPLOYMENT_TARGET = 16.1;
				MTL_ENABLE_DEBUG_INFO = NO;
				MTL_FAST_MATH = YES;
				SDKROOT = iphoneos;
				SWIFT_COMPILATION_MODE = wholemodule;
				SWIFT_OPTIMIZATION_LEVEL = "-O";
				VALIDATE_PRODUCT = YES;
			};
			name = Release;
		};
		1AFAE9592A40A99600D45C0B /* Debug */ = {
			isa = XCBuildConfiguration;
			buildSettings = {
				ASSETCATALOG_COMPILER_APPICON_NAME = AppIcon;
				ASSETCATALOG_COMPILER_GLOBAL_ACCENT_COLOR_NAME = AccentColor;
				CODE_SIGN_STYLE = Automatic;
				CURRENT_PROJECT_VERSION = 1;
				DEVELOPMENT_ASSET_PATHS = "\"FetchRewardsSwiftUI/Preview Content\"";
				DEVELOPMENT_TEAM = 7G4A2JWWKQ;
				ENABLE_PREVIEWS = YES;
				GENERATE_INFOPLIST_FILE = YES;
				INFOPLIST_KEY_UIApplicationSceneManifest_Generation = YES;
				INFOPLIST_KEY_UIApplicationSupportsIndirectInputEvents = YES;
				INFOPLIST_KEY_UILaunchScreen_Generation = YES;
				INFOPLIST_KEY_UISupportedInterfaceOrientations_iPad = "UIInterfaceOrientationPortrait UIInterfaceOrientationPortraitUpsideDown UIInterfaceOrientationLandscapeLeft UIInterfaceOrientationLandscapeRight";
				INFOPLIST_KEY_UISupportedInterfaceOrientations_iPhone = "UIInterfaceOrientationPortrait UIInterfaceOrientationLandscapeLeft UIInterfaceOrientationLandscapeRight";
				LD_RUNPATH_SEARCH_PATHS = (
					"$(inherited)",
					"@executable_path/Frameworks",
				);
				MARKETING_VERSION = 1.0;
				PRODUCT_BUNDLE_IDENTIFIER = com.aaroncleveland.FetchRewardsSwiftUI;
				PRODUCT_NAME = "$(TARGET_NAME)";
				SWIFT_EMIT_LOC_STRINGS = YES;
				SWIFT_VERSION = 5.0;
				TARGETED_DEVICE_FAMILY = "1,2";
			};
			name = Debug;
		};
		1AFAE95A2A40A99600D45C0B /* Release */ = {
			isa = XCBuildConfiguration;
			buildSettings = {
				ASSETCATALOG_COMPILER_APPICON_NAME = AppIcon;
				ASSETCATALOG_COMPILER_GLOBAL_ACCENT_COLOR_NAME = AccentColor;
				CODE_SIGN_STYLE = Automatic;
				CURRENT_PROJECT_VERSION = 1;
				DEVELOPMENT_ASSET_PATHS = "\"FetchRewardsSwiftUI/Preview Content\"";
				DEVELOPMENT_TEAM = 7G4A2JWWKQ;
				ENABLE_PREVIEWS = YES;
				GENERATE_INFOPLIST_FILE = YES;
				INFOPLIST_KEY_UIApplicationSceneManifest_Generation = YES;
				INFOPLIST_KEY_UIApplicationSupportsIndirectInputEvents = YES;
				INFOPLIST_KEY_UILaunchScreen_Generation = YES;
				INFOPLIST_KEY_UISupportedInterfaceOrientations_iPad = "UIInterfaceOrientationPortrait UIInterfaceOrientationPortraitUpsideDown UIInterfaceOrientationLandscapeLeft UIInterfaceOrientationLandscapeRight";
				INFOPLIST_KEY_UISupportedInterfaceOrientations_iPhone = "UIInterfaceOrientationPortrait UIInterfaceOrientationLandscapeLeft UIInterfaceOrientationLandscapeRight";
				LD_RUNPATH_SEARCH_PATHS = (
					"$(inherited)",
					"@executable_path/Frameworks",
				);
				MARKETING_VERSION = 1.0;
				PRODUCT_BUNDLE_IDENTIFIER = com.aaroncleveland.FetchRewardsSwiftUI;
				PRODUCT_NAME = "$(TARGET_NAME)";
				SWIFT_EMIT_LOC_STRINGS = YES;
				SWIFT_VERSION = 5.0;
				TARGETED_DEVICE_FAMILY = "1,2";
			};
			name = Release;
		};
		1AFAE95C2A40A99600D45C0B /* Debug */ = {
			isa = XCBuildConfiguration;
			buildSettings = {
				ALWAYS_EMBED_SWIFT_STANDARD_LIBRARIES = YES;
				BUNDLE_LOADER = "$(TEST_HOST)";
				CODE_SIGN_STYLE = Automatic;
				CURRENT_PROJECT_VERSION = 1;
				DEVELOPMENT_TEAM = 7G4A2JWWKQ;
				GENERATE_INFOPLIST_FILE = YES;
				IPHONEOS_DEPLOYMENT_TARGET = 16.1;
				MARKETING_VERSION = 1.0;
				PRODUCT_BUNDLE_IDENTIFIER = com.aaroncleveland.FetchRewardsSwiftUITests;
				PRODUCT_NAME = "$(TARGET_NAME)";
				SWIFT_EMIT_LOC_STRINGS = NO;
				SWIFT_VERSION = 5.0;
				TARGETED_DEVICE_FAMILY = "1,2";
				TEST_HOST = "$(BUILT_PRODUCTS_DIR)/FetchRewardsSwiftUI.app/$(BUNDLE_EXECUTABLE_FOLDER_PATH)/FetchRewardsSwiftUI";
			};
			name = Debug;
		};
		1AFAE95D2A40A99600D45C0B /* Release */ = {
			isa = XCBuildConfiguration;
			buildSettings = {
				ALWAYS_EMBED_SWIFT_STANDARD_LIBRARIES = YES;
				BUNDLE_LOADER = "$(TEST_HOST)";
				CODE_SIGN_STYLE = Automatic;
				CURRENT_PROJECT_VERSION = 1;
				DEVELOPMENT_TEAM = 7G4A2JWWKQ;
				GENERATE_INFOPLIST_FILE = YES;
				IPHONEOS_DEPLOYMENT_TARGET = 16.1;
				MARKETING_VERSION = 1.0;
				PRODUCT_BUNDLE_IDENTIFIER = com.aaroncleveland.FetchRewardsSwiftUITests;
				PRODUCT_NAME = "$(TARGET_NAME)";
				SWIFT_EMIT_LOC_STRINGS = NO;
				SWIFT_VERSION = 5.0;
				TARGETED_DEVICE_FAMILY = "1,2";
				TEST_HOST = "$(BUILT_PRODUCTS_DIR)/FetchRewardsSwiftUI.app/$(BUNDLE_EXECUTABLE_FOLDER_PATH)/FetchRewardsSwiftUI";
			};
			name = Release;
		};
		1AFAE95F2A40A99600D45C0B /* Debug */ = {
			isa = XCBuildConfiguration;
			buildSettings = {
				ALWAYS_EMBED_SWIFT_STANDARD_LIBRARIES = YES;
				CODE_SIGN_STYLE = Automatic;
				CURRENT_PROJECT_VERSION = 1;
				DEVELOPMENT_TEAM = 7G4A2JWWKQ;
				GENERATE_INFOPLIST_FILE = YES;
				MARKETING_VERSION = 1.0;
				PRODUCT_BUNDLE_IDENTIFIER = com.aaroncleveland.FetchRewardsSwiftUIUITests;
				PRODUCT_NAME = "$(TARGET_NAME)";
				SWIFT_EMIT_LOC_STRINGS = NO;
				SWIFT_VERSION = 5.0;
				TARGETED_DEVICE_FAMILY = "1,2";
				TEST_TARGET_NAME = FetchRewardsSwiftUI;
			};
			name = Debug;
		};
		1AFAE9602A40A99600D45C0B /* Release */ = {
			isa = XCBuildConfiguration;
			buildSettings = {
				ALWAYS_EMBED_SWIFT_STANDARD_LIBRARIES = YES;
				CODE_SIGN_STYLE = Automatic;
				CURRENT_PROJECT_VERSION = 1;
				DEVELOPMENT_TEAM = 7G4A2JWWKQ;
				GENERATE_INFOPLIST_FILE = YES;
				MARKETING_VERSION = 1.0;
				PRODUCT_BUNDLE_IDENTIFIER = com.aaroncleveland.FetchRewardsSwiftUIUITests;
				PRODUCT_NAME = "$(TARGET_NAME)";
				SWIFT_EMIT_LOC_STRINGS = NO;
				SWIFT_VERSION = 5.0;
				TARGETED_DEVICE_FAMILY = "1,2";
				TEST_TARGET_NAME = FetchRewardsSwiftUI;
			};
			name = Release;
		};
/* End XCBuildConfiguration section */

/* Begin XCConfigurationList section */
		1AFAE92F2A40A99500D45C0B /* Build configuration list for PBXProject "FetchRewardsSwiftUI" */ = {
			isa = XCConfigurationList;
			buildConfigurations = (
				1AFAE9562A40A99600D45C0B /* Debug */,
				1AFAE9572A40A99600D45C0B /* Release */,
			);
			defaultConfigurationIsVisible = 0;
			defaultConfigurationName = Release;
		};
		1AFAE9582A40A99600D45C0B /* Build configuration list for PBXNativeTarget "FetchRewardsSwiftUI" */ = {
			isa = XCConfigurationList;
			buildConfigurations = (
				1AFAE9592A40A99600D45C0B /* Debug */,
				1AFAE95A2A40A99600D45C0B /* Release */,
			);
			defaultConfigurationIsVisible = 0;
			defaultConfigurationName = Release;
		};
		1AFAE95B2A40A99600D45C0B /* Build configuration list for PBXNativeTarget "FetchRewardsSwiftUITests" */ = {
			isa = XCConfigurationList;
			buildConfigurations = (
				1AFAE95C2A40A99600D45C0B /* Debug */,
				1AFAE95D2A40A99600D45C0B /* Release */,
			);
			defaultConfigurationIsVisible = 0;
			defaultConfigurationName = Release;
		};
		1AFAE95E2A40A99600D45C0B /* Build configuration list for PBXNativeTarget "FetchRewardsSwiftUIUITests" */ = {
			isa = XCConfigurationList;
			buildConfigurations = (
				1AFAE95F2A40A99600D45C0B /* Debug */,
				1AFAE9602A40A99600D45C0B /* Release */,
			);
			defaultConfigurationIsVisible = 0;
			defaultConfigurationName = Release;
		};
/* End XCConfigurationList section */
	};
	rootObject = 1AFAE92C2A40A99500D45C0B /* Project object */;
}
